
Microsoft Visual Studio Solution File, Format Version 12.00
# Visual Studio 15
VisualStudioVersion = 15.0.27703.2042
MinimumVisualStudioVersion = 10.0.40219.1
Project("{FAE04EC0-301F-11D3-BF4B-00C04F79EFBC}") = "GraphClustering", "GraphClustering\GraphClustering.csproj", "{731E262C-4F82-4864-A699-C38993EEB60F}"
EndProject
Project("{E53339B2-1760-4266-BCC7-CA923CBCF16C}") = "docker-compose", "docker-compose.dcproj", "{E793A647-D021-4D67-B3D0-3AFFE30EC3DF}"
EndProject
Project("{9A19103F-16F7-4668-BE54-9A1E7A4F7556}") = "GraphClustering.Algorithms", "GraphClustering.Algorithms\GraphClustering.Algorithms.csproj", "{331E7180-E5B3-4A0D-B3FB-CF53D4089839}"
EndProject
Project("{9A19103F-16F7-4668-BE54-9A1E7A4F7556}") = "GraphClustering.Algorithms.Abstractions", "GraphClustering.Algorithms.Abstractions\GraphClustering.Algorithms.Abstractions.csproj", "{F31DB739-322C-464C-8A66-BEC349EF6895}"
EndProject
Project("{9A19103F-16F7-4668-BE54-9A1E7A4F7556}") = "GraphClustering.Graph.Abstractions", "GraphClustering.Graph.Abstractions\GraphClustering.Graph.Abstractions.csproj", "{F2190181-888A-41AE-8FED-11E1116F618D}"
EndProject
Global
	GlobalSection(SolutionConfigurationPlatforms) = preSolution
		Debug|Any CPU = Debug|Any CPU
		Release|Any CPU = Release|Any CPU
	EndGlobalSection
	GlobalSection(ProjectConfigurationPlatforms) = postSolution
		{731E262C-4F82-4864-A699-C38993EEB60F}.Debug|Any CPU.ActiveCfg = Debug|Any CPU
		{731E262C-4F82-4864-A699-C38993EEB60F}.Debug|Any CPU.Build.0 = Debug|Any CPU
		{731E262C-4F82-4864-A699-C38993EEB60F}.Release|Any CPU.ActiveCfg = Release|Any CPU
		{731E262C-4F82-4864-A699-C38993EEB60F}.Release|Any CPU.Build.0 = Release|Any CPU
		{E793A647-D021-4D67-B3D0-3AFFE30EC3DF}.Debug|Any CPU.ActiveCfg = Debug|Any CPU
		{E793A647-D021-4D67-B3D0-3AFFE30EC3DF}.Debug|Any CPU.Build.0 = Debug|Any CPU
		{E793A647-D021-4D67-B3D0-3AFFE30EC3DF}.Release|Any CPU.ActiveCfg = Release|Any CPU
		{E793A647-D021-4D67-B3D0-3AFFE30EC3DF}.Release|Any CPU.Build.0 = Release|Any CPU
		{331E7180-E5B3-4A0D-B3FB-CF53D4089839}.Debug|Any CPU.ActiveCfg = Debug|Any CPU
		{331E7180-E5B3-4A0D-B3FB-CF53D4089839}.Debug|Any CPU.Build.0 = Debug|Any CPU
		{331E7180-E5B3-4A0D-B3FB-CF53D4089839}.Release|Any CPU.ActiveCfg = Release|Any CPU
		{331E7180-E5B3-4A0D-B3FB-CF53D4089839}.Release|Any CPU.Build.0 = Release|Any CPU
		{F31DB739-322C-464C-8A66-BEC349EF6895}.Debug|Any CPU.ActiveCfg = Debug|Any CPU
		{F31DB739-322C-464C-8A66-BEC349EF6895}.Debug|Any CPU.Build.0 = Debug|Any CPU
		{F31DB739-322C-464C-8A66-BEC349EF6895}.Release|Any CPU.ActiveCfg = Release|Any CPU
		{F31DB739-322C-464C-8A66-BEC349EF6895}.Release|Any CPU.Build.0 = Release|Any CPU
		{F2190181-888A-41AE-8FED-11E1116F618D}.Debug|Any CPU.ActiveCfg = Debug|Any CPU
		{F2190181-888A-41AE-8FED-11E1116F618D}.Debug|Any CPU.Build.0 = Debug|Any CPU
		{F2190181-888A-41AE-8FED-11E1116F618D}.Release|Any CPU.ActiveCfg = Release|Any CPU
		{F2190181-888A-41AE-8FED-11E1116F618D}.Release|Any CPU.Build.0 = Release|Any CPU
	EndGlobalSection
	GlobalSection(SolutionProperties) = preSolution
		HideSolutionNode = FALSE
	EndGlobalSection
	GlobalSection(ExtensibilityGlobals) = postSolution
		SolutionGuid = {B62D6272-23B5-459A-A1FE-C423D47BA23E}
	EndGlobalSection
EndGlobal
